{
  "version": 4,
  "terraform_version": "0.12.18",
  "serial": 19,
  "lineage": "6e80b394-b6c4-38cf-b4d1-912d44011c09",
  "outputs": {
    "ig_id": {
      "value": "igw-0d202789d0266782a",
      "type": "string"
    },
    "ip1_output": {
      "value": "eipalloc-0533232143375644f",
      "type": "string"
    },
    "ip2_output": {
      "value": "eipalloc-07088c089b65bc481",
      "type": "string"
    },
    "nat1_id": {
      "value": "rtb-01d875bfd476a5de2",
      "type": "string"
    },
    "nat2_id": {
      "value": "rtb-0de8852da053a65bc",
      "type": "string"
    },
    "ng_id1": {
      "value": "nat-02199f0d420b4a53a",
      "type": "string"
    },
    "ng_id2": {
      "value": "nat-091c78fa77b15780e",
      "type": "string"
    },
    "public_output_1": {
      "value": "subnet-061c415e76d702eb7",
      "type": "string"
    },
    "public_output_2": {
      "value": "subnet-0da282109eb1c16ec",
      "type": "string"
    },
    "rt1": {
      "value": "rtb-010d1891085531188",
      "type": "string"
    },
    "vpc_id": {
      "value": "vpc-0a2045882d48f2861",
      "type": "string"
    }
  },
  "resources": [
    {
      "mode": "managed",
      "type": "aws_eip",
      "name": "ip1",
      "provider": "provider.aws",
      "instances": [
        {
          "schema_version": 0,
          "attributes": {
            "allocation_id": null,
            "associate_with_private_ip": null,
            "association_id": "",
            "customer_owned_ip": "",
            "customer_owned_ipv4_pool": "",
            "domain": "vpc",
            "id": "eipalloc-0533232143375644f",
            "instance": "",
            "network_border_group": "eu-central-1",
            "network_interface": "",
            "private_dns": null,
            "private_ip": "",
            "public_dns": "ec2-18-198-37-0.eu-central-1.compute.amazonaws.com",
            "public_ip": "18.198.37.0",
            "public_ipv4_pool": "amazon",
            "tags": null,
            "timeouts": null,
            "vpc": true
          },
          "private": "eyJlMmJmYjczMC1lY2FhLTExZTYtOGY4OC0zNDM2M2JjN2M0YzAiOnsiZGVsZXRlIjoxODAwMDAwMDAwMDAsInJlYWQiOjkwMDAwMDAwMDAwMCwidXBkYXRlIjozMDAwMDAwMDAwMDB9fQ=="
        }
      ]
    },
    {
      "mode": "managed",
      "type": "aws_eip",
      "name": "ip2",
      "provider": "provider.aws",
      "instances": [
        {
          "schema_version": 0,
          "attributes": {
            "allocation_id": null,
            "associate_with_private_ip": null,
            "association_id": "",
            "customer_owned_ip": "",
            "customer_owned_ipv4_pool": "",
            "domain": "vpc",
            "id": "eipalloc-07088c089b65bc481",
            "instance": "",
            "network_border_group": "eu-central-1",
            "network_interface": "",
            "private_dns": null,
            "private_ip": "",
            "public_dns": "ec2-3-123-74-242.eu-central-1.compute.amazonaws.com",
            "public_ip": "3.123.74.242",
            "public_ipv4_pool": "amazon",
            "tags": null,
            "timeouts": null,
            "vpc": true
          },
          "private": "eyJlMmJmYjczMC1lY2FhLTExZTYtOGY4OC0zNDM2M2JjN2M0YzAiOnsiZGVsZXRlIjoxODAwMDAwMDAwMDAsInJlYWQiOjkwMDAwMDAwMDAwMCwidXBkYXRlIjozMDAwMDAwMDAwMDB9fQ=="
        }
      ]
    },
    {
      "mode": "managed",
      "type": "aws_internet_gateway",
      "name": "gw",
      "provider": "provider.aws",
      "instances": [
        {
          "schema_version": 0,
          "attributes": {
            "arn": "arn:aws:ec2:eu-central-1:206493857144:internet-gateway/igw-0d202789d0266782a",
            "id": "igw-0d202789d0266782a",
            "owner_id": "206493857144",
            "tags": {
              "application": "test",
              "environment": "dev"
            },
            "vpc_id": "vpc-0a2045882d48f2861"
          },
          "private": "bnVsbA==",
          "dependencies": [
            "aws_vpc.vpc1"
          ]
        }
      ]
    },
    {
      "mode": "managed",
      "type": "aws_nat_gateway",
      "name": "gw1",
      "provider": "provider.aws",
      "instances": [
        {
          "schema_version": 0,
          "attributes": {
            "allocation_id": "eipalloc-0533232143375644f",
            "id": "nat-02199f0d420b4a53a",
            "network_interface_id": "eni-0c013f57d7f6e3a0f",
            "private_ip": "172.124.1.250",
            "public_ip": "18.198.37.0",
            "subnet_id": "subnet-061c415e76d702eb7",
            "tags": null
          },
          "private": "bnVsbA==",
          "dependencies": [
            "aws_eip.ip1",
            "aws_subnet.public1",
            "aws_vpc.vpc1"
          ]
        }
      ]
    },
    {
      "mode": "managed",
      "type": "aws_nat_gateway",
      "name": "gw2",
      "provider": "provider.aws",
      "instances": [
        {
          "schema_version": 0,
          "attributes": {
            "allocation_id": "eipalloc-07088c089b65bc481",
            "id": "nat-091c78fa77b15780e",
            "network_interface_id": "eni-0bcfd2ed032302115",
            "private_ip": "172.124.2.37",
            "public_ip": "3.123.74.242",
            "subnet_id": "subnet-0da282109eb1c16ec",
            "tags": null
          },
          "private": "bnVsbA==",
          "dependencies": [
            "aws_eip.ip2",
            "aws_subnet.public2",
            "aws_vpc.vpc1"
          ]
        }
      ]
    },
    {
      "mode": "managed",
      "type": "aws_route_table",
      "name": "internet_gateway_route",
      "provider": "provider.aws",
      "instances": [
        {
          "schema_version": 0,
          "attributes": {
            "id": "rtb-010d1891085531188",
            "owner_id": "206493857144",
            "propagating_vgws": [],
            "route": [
              {
                "cidr_block": "0.0.0.0/0",
                "egress_only_gateway_id": "",
                "gateway_id": "igw-0d202789d0266782a",
                "instance_id": "",
                "ipv6_cidr_block": "",
                "local_gateway_id": "",
                "nat_gateway_id": "",
                "network_interface_id": "",
                "transit_gateway_id": "",
                "vpc_peering_connection_id": ""
              }
            ],
            "tags": null,
            "vpc_id": "vpc-0a2045882d48f2861"
          },
          "private": "bnVsbA==",
          "dependencies": [
            "aws_internet_gateway.gw",
            "aws_vpc.vpc1"
          ]
        }
      ]
    },
    {
      "mode": "managed",
      "type": "aws_route_table",
      "name": "nat1",
      "provider": "provider.aws",
      "instances": [
        {
          "schema_version": 0,
          "attributes": {
            "id": "rtb-01d875bfd476a5de2",
            "owner_id": "206493857144",
            "propagating_vgws": [],
            "route": [
              {
                "cidr_block": "0.0.0.0/0",
                "egress_only_gateway_id": "",
                "gateway_id": "",
                "instance_id": "",
                "ipv6_cidr_block": "",
                "local_gateway_id": "",
                "nat_gateway_id": "nat-02199f0d420b4a53a",
                "network_interface_id": "",
                "transit_gateway_id": "",
                "vpc_peering_connection_id": ""
              }
            ],
            "tags": null,
            "vpc_id": "vpc-0a2045882d48f2861"
          },
          "private": "bnVsbA==",
          "dependencies": [
            "aws_eip.ip1",
            "aws_nat_gateway.gw1",
            "aws_subnet.public1",
            "aws_vpc.vpc1"
          ]
        }
      ]
    },
    {
      "mode": "managed",
      "type": "aws_route_table",
      "name": "nat2",
      "provider": "provider.aws",
      "instances": [
        {
          "schema_version": 0,
          "attributes": {
            "id": "rtb-0de8852da053a65bc",
            "owner_id": "206493857144",
            "propagating_vgws": [],
            "route": [
              {
                "cidr_block": "0.0.0.0/0",
                "egress_only_gateway_id": "",
                "gateway_id": "",
                "instance_id": "",
                "ipv6_cidr_block": "",
                "local_gateway_id": "",
                "nat_gateway_id": "nat-091c78fa77b15780e",
                "network_interface_id": "",
                "transit_gateway_id": "",
                "vpc_peering_connection_id": ""
              }
            ],
            "tags": null,
            "vpc_id": "vpc-0a2045882d48f2861"
          },
          "private": "bnVsbA==",
          "dependencies": [
            "aws_eip.ip2",
            "aws_nat_gateway.gw2",
            "aws_subnet.public2",
            "aws_vpc.vpc1"
          ]
        }
      ]
    },
    {
      "mode": "managed",
      "type": "aws_route_table_association",
      "name": "ig_association1",
      "provider": "provider.aws",
      "instances": [
        {
          "schema_version": 0,
          "attributes": {
            "gateway_id": null,
            "id": "rtbassoc-0bb4dd636c0b669e0",
            "route_table_id": "rtb-010d1891085531188",
            "subnet_id": "subnet-061c415e76d702eb7"
          },
          "private": "bnVsbA==",
          "dependencies": [
            "aws_internet_gateway.gw",
            "aws_route_table.internet_gateway_route",
            "aws_subnet.public1",
            "aws_vpc.vpc1"
          ]
        }
      ]
    },
    {
      "mode": "managed",
      "type": "aws_route_table_association",
      "name": "ig_association2",
      "provider": "provider.aws",
      "instances": [
        {
          "schema_version": 0,
          "attributes": {
            "gateway_id": null,
            "id": "rtbassoc-076f6835fbcfb111f",
            "route_table_id": "rtb-010d1891085531188",
            "subnet_id": "subnet-0da282109eb1c16ec"
          },
          "private": "bnVsbA==",
          "dependencies": [
            "aws_internet_gateway.gw",
            "aws_route_table.internet_gateway_route",
            "aws_subnet.public2",
            "aws_vpc.vpc1"
          ]
        }
      ]
    },
    {
      "mode": "managed",
      "type": "aws_route_table_association",
      "name": "ng_association_1",
      "provider": "provider.aws",
      "instances": [
        {
          "schema_version": 0,
          "attributes": {
            "gateway_id": null,
            "id": "rtbassoc-0c33cda42960940d1",
            "route_table_id": "rtb-01d875bfd476a5de2",
            "subnet_id": "subnet-03baf08a148a2b46b"
          },
          "private": "bnVsbA==",
          "dependencies": [
            "aws_eip.ip1",
            "aws_nat_gateway.gw1",
            "aws_route_table.nat1",
            "aws_subnet.private1",
            "aws_subnet.public1",
            "aws_vpc.vpc1"
          ]
        }
      ]
    },
    {
      "mode": "managed",
      "type": "aws_route_table_association",
      "name": "ng_association_2",
      "provider": "provider.aws",
      "instances": [
        {
          "schema_version": 0,
          "attributes": {
            "gateway_id": null,
            "id": "rtbassoc-0e01f693b3a0db5b6",
            "route_table_id": "rtb-0de8852da053a65bc",
            "subnet_id": "subnet-0d818970d09a6fff3"
          },
          "private": "bnVsbA==",
          "dependencies": [
            "aws_eip.ip2",
            "aws_nat_gateway.gw2",
            "aws_route_table.nat2",
            "aws_subnet.private2",
            "aws_subnet.public2",
            "aws_vpc.vpc1"
          ]
        }
      ]
    },
    {
      "mode": "managed",
      "type": "aws_subnet",
      "name": "private1",
      "provider": "provider.aws",
      "instances": [
        {
          "schema_version": 1,
          "attributes": {
            "arn": "arn:aws:ec2:eu-central-1:206493857144:subnet/subnet-03baf08a148a2b46b",
            "assign_ipv6_address_on_creation": false,
            "availability_zone": "eu-central-1a",
            "availability_zone_id": "euc1-az2",
            "cidr_block": "172.124.5.0/24",
            "id": "subnet-03baf08a148a2b46b",
            "ipv6_cidr_block": "",
            "ipv6_cidr_block_association_id": "",
            "map_public_ip_on_launch": false,
            "outpost_arn": "",
            "owner_id": "206493857144",
            "tags": {
              "application": "test",
              "environment": "dev"
            },
            "timeouts": null,
            "vpc_id": "vpc-0a2045882d48f2861"
          },
          "private": "eyJlMmJmYjczMC1lY2FhLTExZTYtOGY4OC0zNDM2M2JjN2M0YzAiOnsiY3JlYXRlIjo2MDAwMDAwMDAwMDAsImRlbGV0ZSI6MTIwMDAwMDAwMDAwMH0sInNjaGVtYV92ZXJzaW9uIjoiMSJ9",
          "dependencies": [
            "aws_vpc.vpc1"
          ]
        }
      ]
    },
    {
      "mode": "managed",
      "type": "aws_subnet",
      "name": "private2",
      "provider": "provider.aws",
      "instances": [
        {
          "schema_version": 1,
          "attributes": {
            "arn": "arn:aws:ec2:eu-central-1:206493857144:subnet/subnet-0d818970d09a6fff3",
            "assign_ipv6_address_on_creation": false,
            "availability_zone": "eu-central-1b",
            "availability_zone_id": "euc1-az3",
            "cidr_block": "172.124.6.0/24",
            "id": "subnet-0d818970d09a6fff3",
            "ipv6_cidr_block": "",
            "ipv6_cidr_block_association_id": "",
            "map_public_ip_on_launch": false,
            "outpost_arn": "",
            "owner_id": "206493857144",
            "tags": {
              "application": "test",
              "environment": "dev"
            },
            "timeouts": null,
            "vpc_id": "vpc-0a2045882d48f2861"
          },
          "private": "eyJlMmJmYjczMC1lY2FhLTExZTYtOGY4OC0zNDM2M2JjN2M0YzAiOnsiY3JlYXRlIjo2MDAwMDAwMDAwMDAsImRlbGV0ZSI6MTIwMDAwMDAwMDAwMH0sInNjaGVtYV92ZXJzaW9uIjoiMSJ9",
          "dependencies": [
            "aws_vpc.vpc1"
          ]
        }
      ]
    },
    {
      "mode": "managed",
      "type": "aws_subnet",
      "name": "public1",
      "provider": "provider.aws",
      "instances": [
        {
          "schema_version": 1,
          "attributes": {
            "arn": "arn:aws:ec2:eu-central-1:206493857144:subnet/subnet-061c415e76d702eb7",
            "assign_ipv6_address_on_creation": false,
            "availability_zone": "eu-central-1a",
            "availability_zone_id": "euc1-az2",
            "cidr_block": "172.124.1.0/24",
            "id": "subnet-061c415e76d702eb7",
            "ipv6_cidr_block": "",
            "ipv6_cidr_block_association_id": "",
            "map_public_ip_on_launch": false,
            "outpost_arn": "",
            "owner_id": "206493857144",
            "tags": {
              "application": "test",
              "environment": "dev"
            },
            "timeouts": null,
            "vpc_id": "vpc-0a2045882d48f2861"
          },
          "private": "eyJlMmJmYjczMC1lY2FhLTExZTYtOGY4OC0zNDM2M2JjN2M0YzAiOnsiY3JlYXRlIjo2MDAwMDAwMDAwMDAsImRlbGV0ZSI6MTIwMDAwMDAwMDAwMH0sInNjaGVtYV92ZXJzaW9uIjoiMSJ9",
          "dependencies": [
            "aws_vpc.vpc1"
          ]
        }
      ]
    },
    {
      "mode": "managed",
      "type": "aws_subnet",
      "name": "public2",
      "provider": "provider.aws",
      "instances": [
        {
          "schema_version": 1,
          "attributes": {
            "arn": "arn:aws:ec2:eu-central-1:206493857144:subnet/subnet-0da282109eb1c16ec",
            "assign_ipv6_address_on_creation": false,
            "availability_zone": "eu-central-1b",
            "availability_zone_id": "euc1-az3",
            "cidr_block": "172.124.2.0/24",
            "id": "subnet-0da282109eb1c16ec",
            "ipv6_cidr_block": "",
            "ipv6_cidr_block_association_id": "",
            "map_public_ip_on_launch": false,
            "outpost_arn": "",
            "owner_id": "206493857144",
            "tags": {
              "application": "test",
              "environment": "dev"
            },
            "timeouts": null,
            "vpc_id": "vpc-0a2045882d48f2861"
          },
          "private": "eyJlMmJmYjczMC1lY2FhLTExZTYtOGY4OC0zNDM2M2JjN2M0YzAiOnsiY3JlYXRlIjo2MDAwMDAwMDAwMDAsImRlbGV0ZSI6MTIwMDAwMDAwMDAwMH0sInNjaGVtYV92ZXJzaW9uIjoiMSJ9",
          "dependencies": [
            "aws_vpc.vpc1"
          ]
        }
      ]
    },
    {
      "mode": "managed",
      "type": "aws_vpc",
      "name": "vpc1",
      "provider": "provider.aws",
      "instances": [
        {
          "schema_version": 1,
          "attributes": {
            "arn": "arn:aws:ec2:eu-central-1:206493857144:vpc/vpc-0a2045882d48f2861",
            "assign_generated_ipv6_cidr_block": false,
            "cidr_block": "172.124.0.0/16",
            "default_network_acl_id": "acl-055aa13caa0d6b416",
            "default_route_table_id": "rtb-07228e42ae9a892c4",
            "default_security_group_id": "sg-0e9914a7a5ecfddb8",
            "dhcp_options_id": "dopt-aaae59c1",
            "enable_classiclink": null,
            "enable_classiclink_dns_support": null,
            "enable_dns_hostnames": false,
            "enable_dns_support": true,
            "id": "vpc-0a2045882d48f2861",
            "instance_tenancy": "default",
            "ipv6_association_id": "",
            "ipv6_cidr_block": "",
            "main_route_table_id": "rtb-07228e42ae9a892c4",
            "owner_id": "206493857144",
            "tags": {
              "application": "test",
              "environment": "dev"
            }
          },
          "private": "eyJzY2hlbWFfdmVyc2lvbiI6IjEifQ=="
        }
      ]
    }
  ]
}
